
Microsoft Visual Studio Solution File, Format Version 12.00
# Visual Studio Version 16
VisualStudioVersion = 16.0.31702.278
MinimumVisualStudioVersion = 10.0.40219.1
Project("{FAE04EC0-301F-11D3-BF4B-00C04F79EFBC}") = "Lab21", "Lab21\Lab21.csproj", "{489B961C-5A02-4AC8-8B27-DE72C7ED79A0}"
EndProject
Global
	GlobalSection(SolutionConfigurationPlatforms) = preSolution
		Debug|Any CPU = Debug|Any CPU
		Release|Any CPU = Release|Any CPU
	EndGlobalSection
	GlobalSection(ProjectConfigurationPlatforms) = postSolution
		{489B961C-5A02-4AC8-8B27-DE72C7ED79A0}.Debug|Any CPU.ActiveCfg = Debug|Any CPU
		{489B961C-5A02-4AC8-8B27-DE72C7ED79A0}.Debug|Any CPU.Build.0 = Debug|Any CPU
		{489B961C-5A02-4AC8-8B27-DE72C7ED79A0}.Release|Any CPU.ActiveCfg = Release|Any CPU
		{489B961C-5A02-4AC8-8B27-DE72C7ED79A0}.Release|Any CPU.Build.0 = Release|Any CPU
	EndGlobalSection
	GlobalSection(SolutionProperties) = preSolution
		HideSolutionNode = FALSE
	EndGlobalSection
	GlobalSection(ExtensibilityGlobals) = postSolution
		SolutionGuid = {E4D79467-A31E-4FAF-88D1-2842D5E459E5}
	EndGlobalSection
EndGlobal
